// !$*UTF8*$!
{
	archiveVersion = 1;
	classes = {
	};
	objectVersion = 56;
	objects = {

/* Begin PBXBuildFile section */
		ED08C0632B0C8C87008BD866 /* ProfileViewController.swift in Sources */ = {isa = PBXBuildFile; fileRef = ED08C0622B0C8C87008BD866 /* ProfileViewController.swift */; };
		ED0E06772AFC10760061E1AB /* AppDelegate.swift in Sources */ = {isa = PBXBuildFile; fileRef = ED0E06762AFC10760061E1AB /* AppDelegate.swift */; };
		ED0E06792AFC10760061E1AB /* SceneDelegate.swift in Sources */ = {isa = PBXBuildFile; fileRef = ED0E06782AFC10760061E1AB /* SceneDelegate.swift */; };
		ED0E067B2AFC10760061E1AB /* ImagesListViewController.swift in Sources */ = {isa = PBXBuildFile; fileRef = ED0E067A2AFC10760061E1AB /* ImagesListViewController.swift */; };
		ED0E067E2AFC10760061E1AB /* Main.storyboard in Resources */ = {isa = PBXBuildFile; fileRef = ED0E067C2AFC10760061E1AB /* Main.storyboard */; };
		ED0E06802AFC10770061E1AB /* Assets.xcassets in Resources */ = {isa = PBXBuildFile; fileRef = ED0E067F2AFC10770061E1AB /* Assets.xcassets */; };
		ED0E06832AFC10770061E1AB /* LaunchScreen.storyboard in Resources */ = {isa = PBXBuildFile; fileRef = ED0E06812AFC10770061E1AB /* LaunchScreen.storyboard */; };
		ED3ECD822B1F894E001380D0 /* Constants.swift in Sources */ = {isa = PBXBuildFile; fileRef = ED3ECD812B1F894E001380D0 /* Constants.swift */; };
		ED3ECD852B210142001380D0 /* AuthViewController.swift in Sources */ = {isa = PBXBuildFile; fileRef = ED3ECD842B210142001380D0 /* AuthViewController.swift */; };
		ED44CF2E2AFFCB1C00EB20AA /* ImagesListCell.swift in Sources */ = {isa = PBXBuildFile; fileRef = ED44CF2D2AFFCB1C00EB20AA /* ImagesListCell.swift */; };
		ED51539C2B03B91E0072410E /* Date+Extension.swift in Sources */ = {isa = PBXBuildFile; fileRef = ED51539B2B03B91E0072410E /* Date+Extension.swift */; };
		ED5FDDAF2B270AF100A00888 /* OAuth2Service.swift in Sources */ = {isa = PBXBuildFile; fileRef = ED5FDDAE2B270AF100A00888 /* OAuth2Service.swift */; };
		ED5FDDB12B270F3F00A00888 /* OAuth2TokenStorage.swift in Sources */ = {isa = PBXBuildFile; fileRef = ED5FDDB02B270F3F00A00888 /* OAuth2TokenStorage.swift */; };
		ED5FDDB42B274A5700A00888 /* OAuthTokenResponseBody.swift in Sources */ = {isa = PBXBuildFile; fileRef = ED5FDDB32B274A5700A00888 /* OAuthTokenResponseBody.swift */; };
		ED5FDDB72B276A7F00A00888 /* SplashViewController.swift in Sources */ = {isa = PBXBuildFile; fileRef = ED5FDDB62B276A7F00A00888 /* SplashViewController.swift */; };
		ED8603412B2307EF00041737 /* WebViewViewController.swift in Sources */ = {isa = PBXBuildFile; fileRef = ED8603402B2307EF00041737 /* WebViewViewController.swift */; };
		ED91F7BB2B1D220E00B0981E /* ImagesListCellModel.swift in Sources */ = {isa = PBXBuildFile; fileRef = ED91F7BA2B1D220E00B0981E /* ImagesListCellModel.swift */; };
		ED91F7BD2B1D229D00B0981E /* ImagesListCellProtocol.swift in Sources */ = {isa = PBXBuildFile; fileRef = ED91F7BC2B1D229D00B0981E /* ImagesListCellProtocol.swift */; };
		EDB55FAC2B0D06C500346FE7 /* SingleImageViewController.swift in Sources */ = {isa = PBXBuildFile; fileRef = EDB55FAB2B0D06C500346FE7 /* SingleImageViewController.swift */; };
		EDC508AB2B303BEC00D69ED2 /* ProgressHUD in Frameworks */ = {isa = PBXBuildFile; productRef = EDC508AA2B303BEC00D69ED2 /* ProgressHUD */; };
		EDD423EC2AFF77EC00D93002 /* UIColor+Extensions.swift in Sources */ = {isa = PBXBuildFile; fileRef = EDD423EB2AFF77EC00D93002 /* UIColor+Extensions.swift */; };
/* End PBXBuildFile section */

/* Begin PBXFileReference section */
		ED08C0622B0C8C87008BD866 /* ProfileViewController.swift */ = {isa = PBXFileReference; lastKnownFileType = sourcecode.swift; path = ProfileViewController.swift; sourceTree = "<group>"; };
		ED0E06732AFC10760061E1AB /* ImageFeed.app */ = {isa = PBXFileReference; explicitFileType = wrapper.application; includeInIndex = 0; path = ImageFeed.app; sourceTree = BUILT_PRODUCTS_DIR; };
		ED0E06762AFC10760061E1AB /* AppDelegate.swift */ = {isa = PBXFileReference; lastKnownFileType = sourcecode.swift; path = AppDelegate.swift; sourceTree = "<group>"; };
		ED0E06782AFC10760061E1AB /* SceneDelegate.swift */ = {isa = PBXFileReference; lastKnownFileType = sourcecode.swift; path = SceneDelegate.swift; sourceTree = "<group>"; };
		ED0E067A2AFC10760061E1AB /* ImagesListViewController.swift */ = {isa = PBXFileReference; lastKnownFileType = sourcecode.swift; path = ImagesListViewController.swift; sourceTree = "<group>"; };
		ED0E067D2AFC10760061E1AB /* Base */ = {isa = PBXFileReference; lastKnownFileType = file.storyboard; name = Base; path = Base.lproj/Main.storyboard; sourceTree = "<group>"; };
		ED0E067F2AFC10770061E1AB /* Assets.xcassets */ = {isa = PBXFileReference; lastKnownFileType = folder.assetcatalog; path = Assets.xcassets; sourceTree = "<group>"; };
		ED0E06822AFC10770061E1AB /* Base */ = {isa = PBXFileReference; lastKnownFileType = file.storyboard; name = Base; path = Base.lproj/LaunchScreen.storyboard; sourceTree = "<group>"; };
		ED0E06842AFC10770061E1AB /* Info.plist */ = {isa = PBXFileReference; lastKnownFileType = text.plist.xml; path = Info.plist; sourceTree = "<group>"; };
		ED3ECD812B1F894E001380D0 /* Constants.swift */ = {isa = PBXFileReference; lastKnownFileType = sourcecode.swift; path = Constants.swift; sourceTree = "<group>"; };
		ED3ECD842B210142001380D0 /* AuthViewController.swift */ = {isa = PBXFileReference; lastKnownFileType = sourcecode.swift; path = AuthViewController.swift; sourceTree = "<group>"; };
		ED44CF2D2AFFCB1C00EB20AA /* ImagesListCell.swift */ = {isa = PBXFileReference; lastKnownFileType = sourcecode.swift; path = ImagesListCell.swift; sourceTree = "<group>"; };
		ED51539B2B03B91E0072410E /* Date+Extension.swift */ = {isa = PBXFileReference; lastKnownFileType = sourcecode.swift; path = "Date+Extension.swift"; sourceTree = "<group>"; };
		ED5FDDAE2B270AF100A00888 /* OAuth2Service.swift */ = {isa = PBXFileReference; lastKnownFileType = sourcecode.swift; path = OAuth2Service.swift; sourceTree = "<group>"; };
		ED5FDDB02B270F3F00A00888 /* OAuth2TokenStorage.swift */ = {isa = PBXFileReference; lastKnownFileType = sourcecode.swift; path = OAuth2TokenStorage.swift; sourceTree = "<group>"; };
		ED5FDDB32B274A5700A00888 /* OAuthTokenResponseBody.swift */ = {isa = PBXFileReference; lastKnownFileType = sourcecode.swift; path = OAuthTokenResponseBody.swift; sourceTree = "<group>"; };
		ED5FDDB62B276A7F00A00888 /* SplashViewController.swift */ = {isa = PBXFileReference; lastKnownFileType = sourcecode.swift; path = SplashViewController.swift; sourceTree = "<group>"; };
		ED8603402B2307EF00041737 /* WebViewViewController.swift */ = {isa = PBXFileReference; lastKnownFileType = sourcecode.swift; path = WebViewViewController.swift; sourceTree = "<group>"; };
		ED91F7BA2B1D220E00B0981E /* ImagesListCellModel.swift */ = {isa = PBXFileReference; lastKnownFileType = sourcecode.swift; path = ImagesListCellModel.swift; sourceTree = "<group>"; };
		ED91F7BC2B1D229D00B0981E /* ImagesListCellProtocol.swift */ = {isa = PBXFileReference; lastKnownFileType = sourcecode.swift; path = ImagesListCellProtocol.swift; sourceTree = "<group>"; };
		EDB55FAB2B0D06C500346FE7 /* SingleImageViewController.swift */ = {isa = PBXFileReference; lastKnownFileType = sourcecode.swift; path = SingleImageViewController.swift; sourceTree = "<group>"; };
		EDD423EB2AFF77EC00D93002 /* UIColor+Extensions.swift */ = {isa = PBXFileReference; lastKnownFileType = sourcecode.swift; path = "UIColor+Extensions.swift"; sourceTree = "<group>"; };
/* End PBXFileReference section */

/* Begin PBXFrameworksBuildPhase section */
		ED0E06702AFC10760061E1AB /* Frameworks */ = {
			isa = PBXFrameworksBuildPhase;
			buildActionMask = 2147483647;
			files = (
				EDC508AB2B303BEC00D69ED2 /* ProgressHUD in Frameworks */,
			);
			runOnlyForDeploymentPostprocessing = 0;
		};
/* End PBXFrameworksBuildPhase section */

/* Begin PBXGroup section */
		ED08C05F2B0C8B3B008BD866 /* Profile */ = {
			isa = PBXGroup;
			children = (
				ED08C0622B0C8C87008BD866 /* ProfileViewController.swift */,
			);
			path = Profile;
			sourceTree = "<group>";
		};
		ED0E066A2AFC10760061E1AB = {
			isa = PBXGroup;
			children = (
				ED0E06752AFC10760061E1AB /* ImageFeed */,
				ED0E06742AFC10760061E1AB /* Products */,
			);
			sourceTree = "<group>";
		};
		ED0E06742AFC10760061E1AB /* Products */ = {
			isa = PBXGroup;
			children = (
				ED0E06732AFC10760061E1AB /* ImageFeed.app */,
			);
			name = Products;
			sourceTree = "<group>";
		};
		ED0E06752AFC10760061E1AB /* ImageFeed */ = {
			isa = PBXGroup;
			children = (
				ED5FDDB22B274A1200A00888 /* Models */,
				ED3ECD832B2100F9001380D0 /* Auth */,
				EDD423EE2AFF7C1F00D93002 /* ImagesList */,
				ED08C05F2B0C8B3B008BD866 /* Profile */,
				EDB55FAA2B0D067600346FE7 /* SingleImage */,
				ED5FDDB52B276A5E00A00888 /* SplashViewController */,
				EDD423EA2AFF76F800D93002 /* Helpers */,
				ED5FDDAB2B27015C00A00888 /* Services */,
				EDD423E92AFF76DE00D93002 /* Resources */,
				ED0E06812AFC10770061E1AB /* LaunchScreen.storyboard */,
				ED0E067C2AFC10760061E1AB /* Main.storyboard */,
				ED0E06762AFC10760061E1AB /* AppDelegate.swift */,
				ED0E06782AFC10760061E1AB /* SceneDelegate.swift */,
			);
			path = ImageFeed;
			sourceTree = "<group>";
		};
		ED3ECD832B2100F9001380D0 /* Auth */ = {
			isa = PBXGroup;
			children = (
				ED3ECD842B210142001380D0 /* AuthViewController.swift */,
				ED8603402B2307EF00041737 /* WebViewViewController.swift */,
			);
			path = Auth;
			sourceTree = "<group>";
		};
		ED5FDDAB2B27015C00A00888 /* Services */ = {
			isa = PBXGroup;
			children = (
				ED5FDDB82B277B8400A00888 /* OAuth2 */,
			);
			path = Services;
			sourceTree = "<group>";
		};
		ED5FDDB22B274A1200A00888 /* Models */ = {
			isa = PBXGroup;
			children = (
				ED91F7BA2B1D220E00B0981E /* ImagesListCellModel.swift */,
				ED5FDDB32B274A5700A00888 /* OAuthTokenResponseBody.swift */,
			);
			path = Models;
			sourceTree = "<group>";
		};
		ED5FDDB52B276A5E00A00888 /* SplashViewController */ = {
			isa = PBXGroup;
			children = (
				ED5FDDB62B276A7F00A00888 /* SplashViewController.swift */,
			);
			path = SplashViewController;
			sourceTree = "<group>";
		};
		ED5FDDB82B277B8400A00888 /* OAuth2 */ = {
			isa = PBXGroup;
			children = (
				ED5FDDAE2B270AF100A00888 /* OAuth2Service.swift */,
				ED5FDDB02B270F3F00A00888 /* OAuth2TokenStorage.swift */,
			);
			path = OAuth2;
			sourceTree = "<group>";
		};
		EDB55FAA2B0D067600346FE7 /* SingleImage */ = {
			isa = PBXGroup;
			children = (
				EDB55FAB2B0D06C500346FE7 /* SingleImageViewController.swift */,
			);
			path = SingleImage;
			sourceTree = "<group>";
		};
		EDD423E92AFF76DE00D93002 /* Resources */ = {
			isa = PBXGroup;
			children = (
				ED0E067F2AFC10770061E1AB /* Assets.xcassets */,
				ED0E06842AFC10770061E1AB /* Info.plist */,
				ED3ECD812B1F894E001380D0 /* Constants.swift */,
			);
			path = Resources;
			sourceTree = "<group>";
		};
		EDD423EA2AFF76F800D93002 /* Helpers */ = {
			isa = PBXGroup;
			children = (
				EDD423EB2AFF77EC00D93002 /* UIColor+Extensions.swift */,
				ED51539B2B03B91E0072410E /* Date+Extension.swift */,
			);
			path = Helpers;
			sourceTree = "<group>";
		};
		EDD423EE2AFF7C1F00D93002 /* ImagesList */ = {
			isa = PBXGroup;
			children = (
				ED91F7BC2B1D229D00B0981E /* ImagesListCellProtocol.swift */,
				ED44CF2D2AFFCB1C00EB20AA /* ImagesListCell.swift */,
				ED0E067A2AFC10760061E1AB /* ImagesListViewController.swift */,
			);
			path = ImagesList;
			sourceTree = "<group>";
		};
/* End PBXGroup section */

/* Begin PBXNativeTarget section */
		ED0E06722AFC10760061E1AB /* ImageFeed */ = {
			isa = PBXNativeTarget;
			buildConfigurationList = ED0E06872AFC10770061E1AB /* Build configuration list for PBXNativeTarget "ImageFeed" */;
			buildPhases = (
				ED0E066F2AFC10760061E1AB /* Sources */,
				ED0E06702AFC10760061E1AB /* Frameworks */,
				ED0E06712AFC10760061E1AB /* Resources */,
			);
			buildRules = (
			);
			dependencies = (
			);
			name = ImageFeed;
			packageProductDependencies = (
				EDC508AA2B303BEC00D69ED2 /* ProgressHUD */,
			);
			productName = ImageFeed;
			productReference = ED0E06732AFC10760061E1AB /* ImageFeed.app */;
			productType = "com.apple.product-type.application";
		};
/* End PBXNativeTarget section */

/* Begin PBXProject section */
		ED0E066B2AFC10760061E1AB /* Project object */ = {
			isa = PBXProject;
			attributes = {
				BuildIndependentTargetsInParallel = 1;
				LastSwiftUpdateCheck = 1500;
				LastUpgradeCheck = 1500;
				TargetAttributes = {
					ED0E06722AFC10760061E1AB = {
						CreatedOnToolsVersion = 15.0.1;
					};
				};
			};
			buildConfigurationList = ED0E066E2AFC10760061E1AB /* Build configuration list for PBXProject "ImageFeed" */;
			compatibilityVersion = "Xcode 14.0";
			developmentRegion = en;
			hasScannedForEncodings = 0;
			knownRegions = (
				en,
				Base,
			);
			mainGroup = ED0E066A2AFC10760061E1AB;
			packageReferences = (
				EDC508A92B303BEC00D69ED2 /* XCRemoteSwiftPackageReference "ProgressHUD" */,
			);
			productRefGroup = ED0E06742AFC10760061E1AB /* Products */;
			projectDirPath = "";
			projectRoot = "";
			targets = (
				ED0E06722AFC10760061E1AB /* ImageFeed */,
			);
		};
/* End PBXProject section */

/* Begin PBXResourcesBuildPhase section */
		ED0E06712AFC10760061E1AB /* Resources */ = {
			isa = PBXResourcesBuildPhase;
			buildActionMask = 2147483647;
			files = (
				ED0E06832AFC10770061E1AB /* LaunchScreen.storyboard in Resources */,
				ED0E06802AFC10770061E1AB /* Assets.xcassets in Resources */,
				ED0E067E2AFC10760061E1AB /* Main.storyboard in Resources */,
			);
			runOnlyForDeploymentPostprocessing = 0;
		};
/* End PBXResourcesBuildPhase section */

/* Begin PBXSourcesBuildPhase section */
		ED0E066F2AFC10760061E1AB /* Sources */ = {
			isa = PBXSourcesBuildPhase;
			buildActionMask = 2147483647;
			files = (
				EDD423EC2AFF77EC00D93002 /* UIColor+Extensions.swift in Sources */,
				ED3ECD822B1F894E001380D0 /* Constants.swift in Sources */,
				ED0E067B2AFC10760061E1AB /* ImagesListViewController.swift in Sources */,
				ED5FDDB72B276A7F00A00888 /* SplashViewController.swift in Sources */,
				ED0E06772AFC10760061E1AB /* AppDelegate.swift in Sources */,
				ED3ECD852B210142001380D0 /* AuthViewController.swift in Sources */,
				ED5FDDB42B274A5700A00888 /* OAuthTokenResponseBody.swift in Sources */,
				ED51539C2B03B91E0072410E /* Date+Extension.swift in Sources */,
				ED08C0632B0C8C87008BD866 /* ProfileViewController.swift in Sources */,
				ED91F7BB2B1D220E00B0981E /* ImagesListCellModel.swift in Sources */,
				ED8603412B2307EF00041737 /* WebViewViewController.swift in Sources */,
				ED0E06792AFC10760061E1AB /* SceneDelegate.swift in Sources */,
				ED5FDDAF2B270AF100A00888 /* OAuth2Service.swift in Sources */,
				ED5FDDB12B270F3F00A00888 /* OAuth2TokenStorage.swift in Sources */,
				EDB55FAC2B0D06C500346FE7 /* SingleImageViewController.swift in Sources */,
				ED44CF2E2AFFCB1C00EB20AA /* ImagesListCell.swift in Sources */,
				ED91F7BD2B1D229D00B0981E /* ImagesListCellProtocol.swift in Sources */,
			);
			runOnlyForDeploymentPostprocessing = 0;
		};
/* End PBXSourcesBuildPhase section */

/* Begin PBXVariantGroup section */
		ED0E067C2AFC10760061E1AB /* Main.storyboard */ = {
			isa = PBXVariantGroup;
			children = (
				ED0E067D2AFC10760061E1AB /* Base */,
			);
			name = Main.storyboard;
			sourceTree = "<group>";
		};
		ED0E06812AFC10770061E1AB /* LaunchScreen.storyboard */ = {
			isa = PBXVariantGroup;
			children = (
				ED0E06822AFC10770061E1AB /* Base */,
			);
			name = LaunchScreen.storyboard;
			sourceTree = "<group>";
		};
/* End PBXVariantGroup section */

/* Begin XCBuildConfiguration section */
		ED0E06852AFC10770061E1AB /* Debug */ = {
			isa = XCBuildConfiguration;
			buildSettings = {
				ALWAYS_SEARCH_USER_PATHS = NO;
				ASSETCATALOG_COMPILER_GENERATE_SWIFT_ASSET_SYMBOL_EXTENSIONS = YES;
				CLANG_ANALYZER_NONNULL = YES;
				CLANG_ANALYZER_NUMBER_OBJECT_CONVERSION = YES_AGGRESSIVE;
				CLANG_CXX_LANGUAGE_STANDARD = "gnu++20";
				CLANG_ENABLE_MODULES = YES;
				CLANG_ENABLE_OBJC_ARC = YES;
				CLANG_ENABLE_OBJC_WEAK = YES;
				CLANG_WARN_BLOCK_CAPTURE_AUTORELEASING = YES;
				CLANG_WARN_BOOL_CONVERSION = YES;
				CLANG_WARN_COMMA = YES;
				CLANG_WARN_CONSTANT_CONVERSION = YES;
				CLANG_WARN_DEPRECATED_OBJC_IMPLEMENTATIONS = YES;
				CLANG_WARN_DIRECT_OBJC_ISA_USAGE = YES_ERROR;
				CLANG_WARN_DOCUMENTATION_COMMENTS = YES;
				CLANG_WARN_EMPTY_BODY = YES;
				CLANG_WARN_ENUM_CONVERSION = YES;
				CLANG_WARN_INFINITE_RECURSION = YES;
				CLANG_WARN_INT_CONVERSION = YES;
				CLANG_WARN_NON_LITERAL_NULL_CONVERSION = YES;
				CLANG_WARN_OBJC_IMPLICIT_RETAIN_SELF = YES;
				CLANG_WARN_OBJC_LITERAL_CONVERSION = YES;
				CLANG_WARN_OBJC_ROOT_CLASS = YES_ERROR;
				CLANG_WARN_QUOTED_INCLUDE_IN_FRAMEWORK_HEADER = YES;
				CLANG_WARN_RANGE_LOOP_ANALYSIS = YES;
				CLANG_WARN_STRICT_PROTOTYPES = YES;
				CLANG_WARN_SUSPICIOUS_MOVE = YES;
				CLANG_WARN_UNGUARDED_AVAILABILITY = YES_AGGRESSIVE;
				CLANG_WARN_UNREACHABLE_CODE = YES;
				CLANG_WARN__DUPLICATE_METHOD_MATCH = YES;
				COPY_PHASE_STRIP = NO;
				DEBUG_INFORMATION_FORMAT = dwarf;
				ENABLE_STRICT_OBJC_MSGSEND = YES;
				ENABLE_TESTABILITY = YES;
				ENABLE_USER_SCRIPT_SANDBOXING = YES;
				GCC_C_LANGUAGE_STANDARD = gnu17;
				GCC_DYNAMIC_NO_PIC = NO;
				GCC_NO_COMMON_BLOCKS = YES;
				GCC_OPTIMIZATION_LEVEL = 0;
				GCC_PREPROCESSOR_DEFINITIONS = (
					"DEBUG=1",
					"$(inherited)",
				);
				GCC_WARN_64_TO_32_BIT_CONVERSION = YES;
				GCC_WARN_ABOUT_RETURN_TYPE = YES_ERROR;
				GCC_WARN_UNDECLARED_SELECTOR = YES;
				GCC_WARN_UNINITIALIZED_AUTOS = YES_AGGRESSIVE;
				GCC_WARN_UNUSED_FUNCTION = YES;
				GCC_WARN_UNUSED_VARIABLE = YES;
				IPHONEOS_DEPLOYMENT_TARGET = 17.0;
				LOCALIZATION_PREFERS_STRING_CATALOGS = YES;
				MTL_ENABLE_DEBUG_INFO = INCLUDE_SOURCE;
				MTL_FAST_MATH = YES;
				ONLY_ACTIVE_ARCH = YES;
				SDKROOT = iphoneos;
				SWIFT_ACTIVE_COMPILATION_CONDITIONS = "DEBUG $(inherited)";
				SWIFT_OPTIMIZATION_LEVEL = "-Onone";
			};
			name = Debug;
		};
		ED0E06862AFC10770061E1AB /* Release */ = {
			isa = XCBuildConfiguration;
			buildSettings = {
				ALWAYS_SEARCH_USER_PATHS = NO;
				ASSETCATALOG_COMPILER_GENERATE_SWIFT_ASSET_SYMBOL_EXTENSIONS = YES;
				CLANG_ANALYZER_NONNULL = YES;
				CLANG_ANALYZER_NUMBER_OBJECT_CONVERSION = YES_AGGRESSIVE;
				CLANG_CXX_LANGUAGE_STANDARD = "gnu++20";
				CLANG_ENABLE_MODULES = YES;
				CLANG_ENABLE_OBJC_ARC = YES;
				CLANG_ENABLE_OBJC_WEAK = YES;
				CLANG_WARN_BLOCK_CAPTURE_AUTORELEASING = YES;
				CLANG_WARN_BOOL_CONVERSION = YES;
				CLANG_WARN_COMMA = YES;
				CLANG_WARN_CONSTANT_CONVERSION = YES;
				CLANG_WARN_DEPRECATED_OBJC_IMPLEMENTATIONS = YES;
				CLANG_WARN_DIRECT_OBJC_ISA_USAGE = YES_ERROR;
				CLANG_WARN_DOCUMENTATION_COMMENTS = YES;
				CLANG_WARN_EMPTY_BODY = YES;
				CLANG_WARN_ENUM_CONVERSION = YES;
				CLANG_WARN_INFINITE_RECURSION = YES;
				CLANG_WARN_INT_CONVERSION = YES;
				CLANG_WARN_NON_LITERAL_NULL_CONVERSION = YES;
				CLANG_WARN_OBJC_IMPLICIT_RETAIN_SELF = YES;
				CLANG_WARN_OBJC_LITERAL_CONVERSION = YES;
				CLANG_WARN_OBJC_ROOT_CLASS = YES_ERROR;
				CLANG_WARN_QUOTED_INCLUDE_IN_FRAMEWORK_HEADER = YES;
				CLANG_WARN_RANGE_LOOP_ANALYSIS = YES;
				CLANG_WARN_STRICT_PROTOTYPES = YES;
				CLANG_WARN_SUSPICIOUS_MOVE = YES;
				CLANG_WARN_UNGUARDED_AVAILABILITY = YES_AGGRESSIVE;
				CLANG_WARN_UNREACHABLE_CODE = YES;
				CLANG_WARN__DUPLICATE_METHOD_MATCH = YES;
				COPY_PHASE_STRIP = NO;
				DEBUG_INFORMATION_FORMAT = "dwarf-with-dsym";
				ENABLE_NS_ASSERTIONS = NO;
				ENABLE_STRICT_OBJC_MSGSEND = YES;
				ENABLE_USER_SCRIPT_SANDBOXING = YES;
				GCC_C_LANGUAGE_STANDARD = gnu17;
				GCC_NO_COMMON_BLOCKS = YES;
				GCC_WARN_64_TO_32_BIT_CONVERSION = YES;
				GCC_WARN_ABOUT_RETURN_TYPE = YES_ERROR;
				GCC_WARN_UNDECLARED_SELECTOR = YES;
				GCC_WARN_UNINITIALIZED_AUTOS = YES_AGGRESSIVE;
				GCC_WARN_UNUSED_FUNCTION = YES;
				GCC_WARN_UNUSED_VARIABLE = YES;
				IPHONEOS_DEPLOYMENT_TARGET = 17.0;
				LOCALIZATION_PREFERS_STRING_CATALOGS = YES;
				MTL_ENABLE_DEBUG_INFO = NO;
				MTL_FAST_MATH = YES;
				SDKROOT = iphoneos;
				SWIFT_COMPILATION_MODE = wholemodule;
				VALIDATE_PRODUCT = YES;
			};
			name = Release;
		};
		ED0E06882AFC10770061E1AB /* Debug */ = {
			isa = XCBuildConfiguration;
			buildSettings = {
				ASSETCATALOG_COMPILER_APPICON_NAME = AppIcon;
				CODE_SIGN_STYLE = Automatic;
				CURRENT_PROJECT_VERSION = 1;
				DEVELOPMENT_TEAM = 6QYL26XQ4N;
				GENERATE_INFOPLIST_FILE = YES;
				INFOPLIST_FILE = ImageFeed/Resources/Info.plist;
				INFOPLIST_KEY_UIApplicationSupportsIndirectInputEvents = YES;
				INFOPLIST_KEY_UILaunchStoryboardName = LaunchScreen.storyboard;
				INFOPLIST_KEY_UIMainStoryboardFile = Main;
				INFOPLIST_KEY_UIStatusBarHidden = NO;
				INFOPLIST_KEY_UISupportedInterfaceOrientations = UIInterfaceOrientationPortrait;
				IPHONEOS_DEPLOYMENT_TARGET = 13.0;
				LD_RUNPATH_SEARCH_PATHS = (
					"$(inherited)",
					"@executable_path/Frameworks",
				);
				MARKETING_VERSION = 1.0;
				PRODUCT_BUNDLE_IDENTIFIER = ru.KirillArefyev.ImageFeed;
				PRODUCT_NAME = "$(TARGET_NAME)";
				SUPPORTED_PLATFORMS = "iphoneos iphonesimulator";
				SUPPORTS_MACCATALYST = NO;
				SUPPORTS_MAC_DESIGNED_FOR_IPHONE_IPAD = NO;
				SWIFT_EMIT_LOC_STRINGS = YES;
				SWIFT_VERSION = 5.0;
				TARGETED_DEVICE_FAMILY = 1;
			};
			name = Debug;
		};
		ED0E06892AFC10770061E1AB /* Release */ = {
			isa = XCBuildConfiguration;
			buildSettings = {
				ASSETCATALOG_COMPILER_APPICON_NAME = AppIcon;
				CODE_SIGN_STYLE = Automatic;
				CURRENT_PROJECT_VERSION = 1;
				DEVELOPMENT_TEAM = 6QYL26XQ4N;
				GENERATE_INFOPLIST_FILE = YES;
				INFOPLIST_FILE = ImageFeed/Resources/Info.plist;
				INFOPLIST_KEY_UIApplicationSupportsIndirectInputEvents = YES;
				INFOPLIST_KEY_UILaunchStoryboardName = LaunchScreen.storyboard;
				INFOPLIST_KEY_UIMainStoryboardFile = Main;
				INFOPLIST_KEY_UIStatusBarHidden = NO;
				INFOPLIST_KEY_UISupportedInterfaceOrientations = UIInterfaceOrientationPortrait;
				IPHONEOS_DEPLOYMENT_TARGET = 13.0;
				LD_RUNPATH_SEARCH_PATHS = (
					"$(inherited)",
					"@executable_path/Frameworks",
				);
				MARKETING_VERSION = 1.0;
				PRODUCT_BUNDLE_IDENTIFIER = ru.KirillArefyev.ImageFeed;
				PRODUCT_NAME = "$(TARGET_NAME)";
				SUPPORTED_PLATFORMS = "iphoneos iphonesimulator";
				SUPPORTS_MACCATALYST = NO;
				SUPPORTS_MAC_DESIGNED_FOR_IPHONE_IPAD = NO;
				SWIFT_EMIT_LOC_STRINGS = YES;
				SWIFT_VERSION = 5.0;
				TARGETED_DEVICE_FAMILY = 1;
			};
			name = Release;
		};
/* End XCBuildConfiguration section */

/* Begin XCConfigurationList section */
		ED0E066E2AFC10760061E1AB /* Build configuration list for PBXProject "ImageFeed" */ = {
			isa = XCConfigurationList;
			buildConfigurations = (
				ED0E06852AFC10770061E1AB /* Debug */,
				ED0E06862AFC10770061E1AB /* Release */,
			);
			defaultConfigurationIsVisible = 0;
			defaultConfigurationName = Release;
		};
		ED0E06872AFC10770061E1AB /* Build configuration list for PBXNativeTarget "ImageFeed" */ = {
			isa = XCConfigurationList;
			buildConfigurations = (
				ED0E06882AFC10770061E1AB /* Debug */,
				ED0E06892AFC10770061E1AB /* Release */,
			);
			defaultConfigurationIsVisible = 0;
			defaultConfigurationName = Release;
		};
/* End XCConfigurationList section */

/* Begin XCRemoteSwiftPackageReference section */
		EDC508A92B303BEC00D69ED2 /* XCRemoteSwiftPackageReference "ProgressHUD" */ = {
			isa = XCRemoteSwiftPackageReference;
			repositoryURL = "https://github.com/relatedcode/ProgressHUD.git";
			requirement = {
				kind = exactVersion;
				version = 13.6.1;
			};
		};
/* End XCRemoteSwiftPackageReference section */

/* Begin XCSwiftPackageProductDependency section */
		EDC508AA2B303BEC00D69ED2 /* ProgressHUD */ = {
			isa = XCSwiftPackageProductDependency;
			package = EDC508A92B303BEC00D69ED2 /* XCRemoteSwiftPackageReference "ProgressHUD" */;
			productName = ProgressHUD;
		};
/* End XCSwiftPackageProductDependency section */
	};
	rootObject = ED0E066B2AFC10760061E1AB /* Project object */;
}
